// !$*UTF8*$!
{
	archiveVersion = 1;
	classes = {
	};
	objectVersion = 46;
	objects = {

/* Begin PBXFileReference section */
		87274D9B1CC915AD0086DEE6 /* app.js */ = {isa = PBXFileReference; lastKnownFileType = sourcecode.javascript; path = app.js; sourceTree = "<group>"; };
		87274D9C1CC915AD0086DEE6 /* bin */ = {isa = PBXFileReference; lastKnownFileType = folder; path = bin; sourceTree = "<group>"; };
		87274D9D1CC915AD0086DEE6 /* package.json */ = {isa = PBXFileReference; lastKnownFileType = text.json; path = package.json; sourceTree = "<group>"; };
		87274D9E1CC915AD0086DEE6 /* public */ = {isa = PBXFileReference; lastKnownFileType = folder; path = public; sourceTree = "<group>"; };
		87274D9F1CC915AD0086DEE6 /* routes */ = {isa = PBXFileReference; lastKnownFileType = folder; path = routes; sourceTree = "<group>"; };
		87274DA01CC915AD0086DEE6 /* views */ = {isa = PBXFileReference; lastKnownFileType = folder; path = views; sourceTree = "<group>"; };
		87274DA11CC9DC090086DEE6 /* debug.sh */ = {isa = PBXFileReference; lastKnownFileType = text.script.sh; lineEnding = 0; path = debug.sh; sourceTree = "<group>"; xcLanguageSpecificationIdentifier = xcode.lang.sh; };
		87274DA21CC9DC090086DEE6 /* run.sh */ = {isa = PBXFileReference; lastKnownFileType = text.script.sh; lineEnding = 0; path = run.sh; sourceTree = "<group>"; xcLanguageSpecificationIdentifier = xcode.lang.sh; };
		87274DA31CC9DC090086DEE6 /* start.sh */ = {isa = PBXFileReference; lastKnownFileType = text.script.sh; lineEnding = 0; path = start.sh; sourceTree = "<group>"; xcLanguageSpecificationIdentifier = xcode.lang.sh; };
		87274DA41CC9DC090086DEE6 /* stop.sh */ = {isa = PBXFileReference; lastKnownFileType = text.script.sh; path = stop.sh; sourceTree = "<group>"; };
		87274DA51CC9DC090086DEE6 /* upload.sh */ = {isa = PBXFileReference; lastKnownFileType = text.script.sh; lineEnding = 0; path = upload.sh; sourceTree = "<group>"; xcLanguageSpecificationIdentifier = xcode.lang.sh; };
/* End PBXFileReference section */

/* Begin PBXGroup section */
		87274D941CC9155D0086DEE6 = {
			isa = PBXGroup;
			children = (
				87274DA11CC9DC090086DEE6 /* debug.sh */,
				87274DA21CC9DC090086DEE6 /* run.sh */,
				87274DA31CC9DC090086DEE6 /* start.sh */,
				87274DA41CC9DC090086DEE6 /* stop.sh */,
				87274DA51CC9DC090086DEE6 /* upload.sh */,
				87274D9B1CC915AD0086DEE6 /* app.js */,
				87274D9C1CC915AD0086DEE6 /* bin */,
				87274D9D1CC915AD0086DEE6 /* package.json */,
				87274D9E1CC915AD0086DEE6 /* public */,
				87274D9F1CC915AD0086DEE6 /* routes */,
				87274DA01CC915AD0086DEE6 /* views */,
			);
			sourceTree = "<group>";
		};
/* End PBXGroup section */

/* Begin PBXProject section */
		87274D951CC9155D0086DEE6 /* Project object */ = {
			isa = PBXProject;
			attributes = {
				LastUpgradeCheck = 0700;
			};
			buildConfigurationList = 87274D981CC9155D0086DEE6 /* Build configuration list for PBXProject "webapp" */;
			compatibilityVersion = "Xcode 3.2";
			developmentRegion = English;
			hasScannedForEncodings = 0;
			knownRegions = (
				en,
			);
			mainGroup = 87274D941CC9155D0086DEE6;
			projectDirPath = "";
			projectRoot = "";
			targets = (
			);
		};
/* End PBXProject section */

/* Begin XCBuildConfiguration section */
		87274D991CC9155D0086DEE6 /* Debug */ = {
			isa = XCBuildConfiguration;
			buildSettings = {
			};
			name = Debug;
		};
		87274D9A1CC9155D0086DEE6 /* Release */ = {
			isa = XCBuildConfiguration;
			buildSettings = {
			};
			name = Release;
		};
/* End XCBuildConfiguration section */

/* Begin XCConfigurationList section */
		87274D981CC9155D0086DEE6 /* Build configuration list for PBXProject "webapp" */ = {
			isa = XCConfigurationList;
			buildConfigurations = (
				87274D991CC9155D0086DEE6 /* Debug */,
				87274D9A1CC9155D0086DEE6 /* Release */,
			);
			defaultConfigurationIsVisible = 0;
			defaultConfigurationName = Release;
		};
/* End XCConfigurationList section */
	};
	rootObject = 87274D951CC9155D0086DEE6 /* Project object */;
}
